// !$*UTF8*$!
{
	archiveVersion = 1;
	classes = {
	};
	objectVersion = 46;
	objects = {

/* Begin PBXBuildFile section */
		E8D2C46E1EB6B0F90090F721 /* AppDelegate.swift in Sources */ = {isa = PBXBuildFile; fileRef = E8D2C46D1EB6B0F90090F721 /* AppDelegate.swift */; };
		E8D2C4701EB6B0F90090F721 /* ViewController.swift in Sources */ = {isa = PBXBuildFile; fileRef = E8D2C46F1EB6B0F90090F721 /* ViewController.swift */; };
		E8D2C4731EB6B0F90090F721 /* Main.storyboard in Resources */ = {isa = PBXBuildFile; fileRef = E8D2C4711EB6B0F90090F721 /* Main.storyboard */; };
		E8D2C4751EB6B0F90090F721 /* Assets.xcassets in Resources */ = {isa = PBXBuildFile; fileRef = E8D2C4741EB6B0F90090F721 /* Assets.xcassets */; };
		E8D2C4781EB6B0F90090F721 /* LaunchScreen.storyboard in Resources */ = {isa = PBXBuildFile; fileRef = E8D2C4761EB6B0F90090F721 /* LaunchScreen.storyboard */; };
		E8D2C4831EB6B0F90090F721 /* JustChessTests.swift in Sources */ = {isa = PBXBuildFile; fileRef = E8D2C4821EB6B0F90090F721 /* JustChessTests.swift */; };
/* End PBXBuildFile section */

/* Begin PBXContainerItemProxy section */
		E8D2C47F1EB6B0F90090F721 /* PBXContainerItemProxy */ = {
			isa = PBXContainerItemProxy;
			containerPortal = E8D2C4621EB6B0F90090F721 /* Project object */;
			proxyType = 1;
			remoteGlobalIDString = E8D2C4691EB6B0F90090F721;
			remoteInfo = JustChess;
		};
/* End PBXContainerItemProxy section */

/* Begin PBXFileReference section */
		E8D2C46A1EB6B0F90090F721 /* JustChess.app */ = {isa = PBXFileReference; explicitFileType = wrapper.application; includeInIndex = 0; path = JustChess.app; sourceTree = BUILT_PRODUCTS_DIR; };
		E8D2C46D1EB6B0F90090F721 /* AppDelegate.swift */ = {isa = PBXFileReference; lastKnownFileType = sourcecode.swift; path = AppDelegate.swift; sourceTree = "<group>"; };
		E8D2C46F1EB6B0F90090F721 /* ViewController.swift */ = {isa = PBXFileReference; lastKnownFileType = sourcecode.swift; path = ViewController.swift; sourceTree = "<group>"; };
		E8D2C4721EB6B0F90090F721 /* Base */ = {isa = PBXFileReference; lastKnownFileType = file.storyboard; name = Base; path = Base.lproj/Main.storyboard; sourceTree = "<group>"; };
		E8D2C4741EB6B0F90090F721 /* Assets.xcassets */ = {isa = PBXFileReference; lastKnownFileType = folder.assetcatalog; path = Assets.xcassets; sourceTree = "<group>"; };
		E8D2C4771EB6B0F90090F721 /* Base */ = {isa = PBXFileReference; lastKnownFileType = file.storyboard; name = Base; path = Base.lproj/LaunchScreen.storyboard; sourceTree = "<group>"; };
		E8D2C4791EB6B0F90090F721 /* Info.plist */ = {isa = PBXFileReference; lastKnownFileType = text.plist.xml; path = Info.plist; sourceTree = "<group>"; };
		E8D2C47E1EB6B0F90090F721 /* JustChessTests.xctest */ = {isa = PBXFileReference; explicitFileType = wrapper.cfbundle; includeInIndex = 0; path = JustChessTests.xctest; sourceTree = BUILT_PRODUCTS_DIR; };
		E8D2C4821EB6B0F90090F721 /* JustChessTests.swift */ = {isa = PBXFileReference; lastKnownFileType = sourcecode.swift; path = JustChessTests.swift; sourceTree = "<group>"; };
		E8D2C4841EB6B0F90090F721 /* Info.plist */ = {isa = PBXFileReference; lastKnownFileType = text.plist.xml; path = Info.plist; sourceTree = "<group>"; };
/* End PBXFileReference section */

/* Begin PBXFrameworksBuildPhase section */
		E8D2C4671EB6B0F90090F721 /* Frameworks */ = {
			isa = PBXFrameworksBuildPhase;
			buildActionMask = 2147483647;
			files = (
			);
			runOnlyForDeploymentPostprocessing = 0;
		};
		E8D2C47B1EB6B0F90090F721 /* Frameworks */ = {
			isa = PBXFrameworksBuildPhase;
			buildActionMask = 2147483647;
			files = (
			);
			runOnlyForDeploymentPostprocessing = 0;
		};
/* End PBXFrameworksBuildPhase section */

/* Begin PBXGroup section */
		E8D2C4611EB6B0F90090F721 = {
			isa = PBXGroup;
			children = (
				E8D2C46C1EB6B0F90090F721 /* JustChess */,
				E8D2C4811EB6B0F90090F721 /* JustChessTests */,
				E8D2C46B1EB6B0F90090F721 /* Products */,
			);
			sourceTree = "<group>";
		};
		E8D2C46B1EB6B0F90090F721 /* Products */ = {
			isa = PBXGroup;
			children = (
				E8D2C46A1EB6B0F90090F721 /* JustChess.app */,
				E8D2C47E1EB6B0F90090F721 /* JustChessTests.xctest */,
			);
			name = Products;
			sourceTree = "<group>";
		};
		E8D2C46C1EB6B0F90090F721 /* JustChess */ = {
			isa = PBXGroup;
			children = (
				E8D2C46D1EB6B0F90090F721 /* AppDelegate.swift */,
				E8D2C46F1EB6B0F90090F721 /* ViewController.swift */,
				E8D2C4711EB6B0F90090F721 /* Main.storyboard */,
				E8D2C4741EB6B0F90090F721 /* Assets.xcassets */,
				E8D2C4761EB6B0F90090F721 /* LaunchScreen.storyboard */,
				E8D2C4791EB6B0F90090F721 /* Info.plist */,
			);
			path = JustChess;
			sourceTree = "<group>";
		};
		E8D2C4811EB6B0F90090F721 /* JustChessTests */ = {
			isa = PBXGroup;
			children = (
				E8D2C4821EB6B0F90090F721 /* JustChessTests.swift */,
				E8D2C4841EB6B0F90090F721 /* Info.plist */,
			);
			path = JustChessTests;
			sourceTree = "<group>";
		};
/* End PBXGroup section */

/* Begin PBXNativeTarget section */
		E8D2C4691EB6B0F90090F721 /* JustChess */ = {
			isa = PBXNativeTarget;
			buildConfigurationList = E8D2C4871EB6B0F90090F721 /* Build configuration list for PBXNativeTarget "JustChess" */;
			buildPhases = (
				E8D2C4661EB6B0F90090F721 /* Sources */,
				E8D2C4671EB6B0F90090F721 /* Frameworks */,
				E8D2C4681EB6B0F90090F721 /* Resources */,
			);
			buildRules = (
			);
			dependencies = (
			);
			name = JustChess;
			productName = JustChess;
			productReference = E8D2C46A1EB6B0F90090F721 /* JustChess.app */;
			productType = "com.apple.product-type.application";
		};
		E8D2C47D1EB6B0F90090F721 /* JustChessTests */ = {
			isa = PBXNativeTarget;
			buildConfigurationList = E8D2C48A1EB6B0F90090F721 /* Build configuration list for PBXNativeTarget "JustChessTests" */;
			buildPhases = (
				E8D2C47A1EB6B0F90090F721 /* Sources */,
				E8D2C47B1EB6B0F90090F721 /* Frameworks */,
				E8D2C47C1EB6B0F90090F721 /* Resources */,
			);
			buildRules = (
			);
			dependencies = (
				E8D2C4801EB6B0F90090F721 /* PBXTargetDependency */,
			);
			name = JustChessTests;
			productName = JustChessTests;
			productReference = E8D2C47E1EB6B0F90090F721 /* JustChessTests.xctest */;
			productType = "com.apple.product-type.bundle.unit-test";
		};
/* End PBXNativeTarget section */

/* Begin PBXProject section */
		E8D2C4621EB6B0F90090F721 /* Project object */ = {
			isa = PBXProject;
			attributes = {
				LastSwiftUpdateCheck = 0800;
				LastUpgradeCheck = 0800;
				ORGANIZATIONNAME = "Stanley Rokita";
				TargetAttributes = {
					E8D2C4691EB6B0F90090F721 = {
						CreatedOnToolsVersion = 8.0;
						DevelopmentTeam = KG5GGQHN5Z;
						ProvisioningStyle = Automatic;
					};
					E8D2C47D1EB6B0F90090F721 = {
						CreatedOnToolsVersion = 8.0;
						DevelopmentTeam = KG5GGQHN5Z;
						ProvisioningStyle = Automatic;
						TestTargetID = E8D2C4691EB6B0F90090F721;
					};
				};
			};
			buildConfigurationList = E8D2C4651EB6B0F90090F721 /* Build configuration list for PBXProject "JustChess" */;
			compatibilityVersion = "Xcode 3.2";
			developmentRegion = English;
			hasScannedForEncodings = 0;
			knownRegions = (
				en,
				Base,
			);
			mainGroup = E8D2C4611EB6B0F90090F721;
			productRefGroup = E8D2C46B1EB6B0F90090F721 /* Products */;
			projectDirPath = "";
			projectRoot = "";
			targets = (
				E8D2C4691EB6B0F90090F721 /* JustChess */,
				E8D2C47D1EB6B0F90090F721 /* JustChessTests */,
			);
		};
/* End PBXProject section */

/* Begin PBXResourcesBuildPhase section */
		E8D2C4681EB6B0F90090F721 /* Resources */ = {
			isa = PBXResourcesBuildPhase;
			buildActionMask = 2147483647;
			files = (
				E8D2C4781EB6B0F90090F721 /* LaunchScreen.storyboard in Resources */,
				E8D2C4751EB6B0F90090F721 /* Assets.xcassets in Resources */,
				E8D2C4731EB6B0F90090F721 /* Main.storyboard in Resources */,
			);
			runOnlyForDeploymentPostprocessing = 0;
		};
		E8D2C47C1EB6B0F90090F721 /* Resources */ = {
			isa = PBXResourcesBuildPhase;
			buildActionMask = 2147483647;
			files = (
			);
			runOnlyForDeploymentPostprocessing = 0;
		};
/* End PBXResourcesBuildPhase section */

/* Begin PBXSourcesBuildPhase section */
		E8D2C4661EB6B0F90090F721 /* Sources */ = {
			isa = PBXSourcesBuildPhase;
			buildActionMask = 2147483647;
			files = (
				E8D2C4701EB6B0F90090F721 /* ViewController.swift in Sources */,
				E8D2C46E1EB6B0F90090F721 /* AppDelegate.swift in Sources */,
			);
			runOnlyForDeploymentPostprocessing = 0;
		};
		E8D2C47A1EB6B0F90090F721 /* Sources */ = {
			isa = PBXSourcesBuildPhase;
			buildActionMask = 2147483647;
			files = (
				E8D2C4831EB6B0F90090F721 /* JustChessTests.swift in Sources */,
			);
			runOnlyForDeploymentPostprocessing = 0;
		};
/* End PBXSourcesBuildPhase section */

/* Begin PBXTargetDependency section */
		E8D2C4801EB6B0F90090F721 /* PBXTargetDependency */ = {
			isa = PBXTargetDependency;
			target = E8D2C4691EB6B0F90090F721 /* JustChess */;
			targetProxy = E8D2C47F1EB6B0F90090F721 /* PBXContainerItemProxy */;
		};
/* End PBXTargetDependency section */

/* Begin PBXVariantGroup section */
		E8D2C4711EB6B0F90090F721 /* Main.storyboard */ = {
			isa = PBXVariantGroup;
			children = (
				E8D2C4721EB6B0F90090F721 /* Base */,
			);
			name = Main.storyboard;
			sourceTree = "<group>";
		};
		E8D2C4761EB6B0F90090F721 /* LaunchScreen.storyboard */ = {
			isa = PBXVariantGroup;
			children = (
				E8D2C4771EB6B0F90090F721 /* Base */,
			);
			name = LaunchScreen.storyboard;
			sourceTree = "<group>";
		};
/* End PBXVariantGroup section */

/* Begin XCBuildConfiguration section */
		E8D2C4851EB6B0F90090F721 /* Debug */ = {
			isa = XCBuildConfiguration;
			buildSettings = {
				ALWAYS_SEARCH_USER_PATHS = NO;
				CLANG_ANALYZER_NONNULL = YES;
				CLANG_CXX_LANGUAGE_STANDARD = "gnu++0x";
				CLANG_CXX_LIBRARY = "libc++";
				CLANG_ENABLE_MODULES = YES;
				CLANG_ENABLE_OBJC_ARC = YES;
				CLANG_WARN_BOOL_CONVERSION = YES;
				CLANG_WARN_CONSTANT_CONVERSION = YES;
				CLANG_WARN_DIRECT_OBJC_ISA_USAGE = YES_ERROR;
				CLANG_WARN_DOCUMENTATION_COMMENTS = YES;
				CLANG_WARN_EMPTY_BODY = YES;
				CLANG_WARN_ENUM_CONVERSION = YES;
				CLANG_WARN_INFINITE_RECURSION = YES;
				CLANG_WARN_INT_CONVERSION = YES;
				CLANG_WARN_OBJC_ROOT_CLASS = YES_ERROR;
				CLANG_WARN_SUSPICIOUS_MOVES = YES;
				CLANG_WARN_UNREACHABLE_CODE = YES;
				CLANG_WARN__DUPLICATE_METHOD_MATCH = YES;
				"CODE_SIGN_IDENTITY[sdk=iphoneos*]" = "iPhone Developer";
				COPY_PHASE_STRIP = NO;
				DEBUG_INFORMATION_FORMAT = dwarf;
				ENABLE_STRICT_OBJC_MSGSEND = YES;
				ENABLE_TESTABILITY = YES;
				GCC_C_LANGUAGE_STANDARD = gnu99;
				GCC_DYNAMIC_NO_PIC = NO;
				GCC_NO_COMMON_BLOCKS = YES;
				GCC_OPTIMIZATION_LEVEL = 0;
				GCC_PREPROCESSOR_DEFINITIONS = (
					"DEBUG=1",
					"$(inherited)",
				);
				GCC_WARN_64_TO_32_BIT_CONVERSION = YES;
				GCC_WARN_ABOUT_RETURN_TYPE = YES_ERROR;
				GCC_WARN_UNDECLARED_SELECTOR = YES;
				GCC_WARN_UNINITIALIZED_AUTOS = YES_AGGRESSIVE;
				GCC_WARN_UNUSED_FUNCTION = YES;
				GCC_WARN_UNUSED_VARIABLE = YES;
				IPHONEOS_DEPLOYMENT_TARGET = 10.0;
				MTL_ENABLE_DEBUG_INFO = YES;
				ONLY_ACTIVE_ARCH = YES;
				SDKROOT = iphoneos;
				SWIFT_ACTIVE_COMPILATION_CONDITIONS = DEBUG;
				SWIFT_OPTIMIZATION_LEVEL = "-Onone";
			};
			name = Debug;
		};
		E8D2C4861EB6B0F90090F721 /* Release */ = {
			isa = XCBuildConfiguration;
			buildSettings = {
				ALWAYS_SEARCH_USER_PATHS = NO;
				CLANG_ANALYZER_NONNULL = YES;
				CLANG_CXX_LANGUAGE_STANDARD = "gnu++0x";
				CLANG_CXX_LIBRARY = "libc++";
				CLANG_ENABLE_MODULES = YES;
				CLANG_ENABLE_OBJC_ARC = YES;
				CLANG_WARN_BOOL_CONVERSION = YES;
				CLANG_WARN_CONSTANT_CONVERSION = YES;
				CLANG_WARN_DIRECT_OBJC_ISA_USAGE = YES_ERROR;
				CLANG_WARN_DOCUMENTATION_COMMENTS = YES;
				CLANG_WARN_EMPTY_BODY = YES;
				CLANG_WARN_ENUM_CONVERSION = YES;
				CLANG_WARN_INFINITE_RECURSION = YES;
				CLANG_WARN_INT_CONVERSION = YES;
				CLANG_WARN_OBJC_ROOT_CLASS = YES_ERROR;
				CLANG_WARN_SUSPICIOUS_MOVES = YES;
				CLANG_WARN_UNREACHABLE_CODE = YES;
				CLANG_WARN__DUPLICATE_METHOD_MATCH = YES;
				"CODE_SIGN_IDENTITY[sdk=iphoneos*]" = "iPhone Developer";
				COPY_PHASE_STRIP = NO;
				DEBUG_INFORMATION_FORMAT = "dwarf-with-dsym";
				ENABLE_NS_ASSERTIONS = NO;
				ENABLE_STRICT_OBJC_MSGSEND = YES;
				GCC_C_LANGUAGE_STANDARD = gnu99;
				GCC_NO_COMMON_BLOCKS = YES;
				GCC_WARN_64_TO_32_BIT_CONVERSION = YES;
				GCC_WARN_ABOUT_RETURN_TYPE = YES_ERROR;
				GCC_WARN_UNDECLARED_SELECTOR = YES;
				GCC_WARN_UNINITIALIZED_AUTOS = YES_AGGRESSIVE;
				GCC_WARN_UNUSED_FUNCTION = YES;
				GCC_WARN_UNUSED_VARIABLE = YES;
				IPHONEOS_DEPLOYMENT_TARGET = 10.0;
				MTL_ENABLE_DEBUG_INFO = NO;
				SDKROOT = iphoneos;
				SWIFT_OPTIMIZATION_LEVEL = "-Owholemodule";
				VALIDATE_PRODUCT = YES;
			};
			name = Release;
		};
		E8D2C4881EB6B0F90090F721 /* Debug */ = {
			isa = XCBuildConfiguration;
			buildSettings = {
				ASSETCATALOG_COMPILER_APPICON_NAME = AppIcon;
				DEVELOPMENT_TEAM = KG5GGQHN5Z;
				INFOPLIST_FILE = JustChess/Info.plist;
				LD_RUNPATH_SEARCH_PATHS = "$(inherited) @executable_path/Frameworks";
				PRODUCT_BUNDLE_IDENTIFIER = com.stanrokita.JustChess;
				PRODUCT_NAME = "$(TARGET_NAME)";
				SWIFT_VERSION = 3.0;
			};
			name = Debug;
		};
		E8D2C4891EB6B0F90090F721 /* Release */ = {
			isa = XCBuildConfiguration;
			buildSettings = {
				ASSETCATALOG_COMPILER_APPICON_NAME = AppIcon;
				DEVELOPMENT_TEAM = KG5GGQHN5Z;
				INFOPLIST_FILE = JustChess/Info.plist;
				LD_RUNPATH_SEARCH_PATHS = "$(inherited) @executable_path/Frameworks";
				PRODUCT_BUNDLE_IDENTIFIER = com.stanrokita.JustChess;
				PRODUCT_NAME = "$(TARGET_NAME)";
				SWIFT_VERSION = 3.0;
			};
			name = Release;
		};
		E8D2C48B1EB6B0F90090F721 /* Debug */ = {
			isa = XCBuildConfiguration;
			buildSettings = {
				ALWAYS_EMBED_SWIFT_STANDARD_LIBRARIES = YES;
				BUNDLE_LOADER = "$(TEST_HOST)";
				DEVELOPMENT_TEAM = KG5GGQHN5Z;
				INFOPLIST_FILE = JustChessTests/Info.plist;
				LD_RUNPATH_SEARCH_PATHS = "$(inherited) @executable_path/Frameworks @loader_path/Frameworks";
				PRODUCT_BUNDLE_IDENTIFIER = com.stanrokita.JustChessTests;
				PRODUCT_NAME = "$(TARGET_NAME)";
				SWIFT_VERSION = 3.0;
				TEST_HOST = "$(BUILT_PRODUCTS_DIR)/JustChess.app/JustChess";
			};
			name = Debug;
		};
		E8D2C48C1EB6B0F90090F721 /* Release */ = {
			isa = XCBuildConfiguration;
			buildSettings = {
				ALWAYS_EMBED_SWIFT_STANDARD_LIBRARIES = YES;
				BUNDLE_LOADER = "$(TEST_HOST)";
				DEVELOPMENT_TEAM = KG5GGQHN5Z;
				INFOPLIST_FILE = JustChessTests/Info.plist;
				LD_RUNPATH_SEARCH_PATHS = "$(inherited) @executable_path/Frameworks @loader_path/Frameworks";
				PRODUCT_BUNDLE_IDENTIFIER = com.stanrokita.JustChessTests;
				PRODUCT_NAME = "$(TARGET_NAME)";
				SWIFT_VERSION = 3.0;
				TEST_HOST = "$(BUILT_PRODUCTS_DIR)/JustChess.app/JustChess";
			};
			name = Release;
		};
/* End XCBuildConfiguration section */

/* Begin XCConfigurationList section */
		E8D2C4651EB6B0F90090F721 /* Build configuration list for PBXProject "JustChess" */ = {
			isa = XCConfigurationList;
			buildConfigurations = (
				E8D2C4851EB6B0F90090F721 /* Debug */,
				E8D2C4861EB6B0F90090F721 /* Release */,
			);
			defaultConfigurationIsVisible = 0;
			defaultConfigurationName = Release;
		};
		E8D2C4871EB6B0F90090F721 /* Build configuration list for PBXNativeTarget "JustChess" */ = {
			isa = XCConfigurationList;
			buildConfigurations = (
				E8D2C4881EB6B0F90090F721 /* Debug */,
				E8D2C4891EB6B0F90090F721 /* Release */,
			);
			defaultConfigurationIsVisible = 0;
		};
		E8D2C48A1EB6B0F90090F721 /* Build configuration list for PBXNativeTarget "JustChessTests" */ = {
			isa = XCConfigurationList;
			buildConfigurations = (
				E8D2C48B1EB6B0F90090F721 /* Debug */,
				E8D2C48C1EB6B0F90090F721 /* Release */,
			);
			defaultConfigurationIsVisible = 0;
		};
/* End XCConfigurationList section */
	};
	rootObject = E8D2C4621EB6B0F90090F721 /* Project object */;
}
